schema: '2.0'
stages:
  data_ingestion:
    cmd: python src/data_ingestion.py
    deps:
    - path: src/data_ingestion.py
      hash: md5
      md5: c48b2c244bec808016dcdc5d6c0dc432
      size: 3271
      isexec: true
    outs:
    - path: artifacts/raw/Images/
      hash: md5
      md5: c0e9e54ca76e56edb2a5587daba98d16.dir
      size: 2435540
      nfiles: 333
    - path: artifacts/raw/Labels/
      hash: md5
      md5: fcc5c8e9eb27d94a6aae879f0b2e5b00.dir
      size: 6651
      nfiles: 333
  model_training:
    cmd: python src/model_training.py
    deps:
    - path: artifacts/raw/Images/
      hash: md5
      md5: c0e9e54ca76e56edb2a5587daba98d16.dir
      size: 2435540
      nfiles: 333
    - path: artifacts/raw/Labels/
      hash: md5
      md5: fcc5c8e9eb27d94a6aae879f0b2e5b00.dir
      size: 6651
      nfiles: 333
    - path: src/model_training.py
      hash: md5
      md5: 5dd989b222b81f5a39ad02eab9c30ac2
      size: 5183
      isexec: true
    outs:
    - path: artifacts/models/fasterrcnn.pth
      hash: md5
      md5: 392b52720ff9979c2b089d0f35be2285
      size: 165729062
      isexec: true
